
Microsoft Visual Studio Solution File, Format Version 12.00
# Visual Studio 2012
# SharpDevelop 5.1
VisualStudioVersion = 12.0.20827.3
MinimumVisualStudioVersion = 10.0.40219.1
Project("{FAE04EC0-301F-11D3-BF4B-00C04F79EFBC}") = "AB Mini Box", "AB Mini Box\AB Mini Box.csproj", "{712E1240-59FF-4B2F-9E0B-38FE48DD4885}"
EndProject
Global
	GlobalSection(SolutionConfigurationPlatforms) = preSolution
		Debug|Any CPU = Debug|Any CPU
		Release|Any CPU = Release|Any CPU
	EndGlobalSection
	GlobalSection(ProjectConfigurationPlatforms) = postSolution
		{712E1240-59FF-4B2F-9E0B-38FE48DD4885}.Debug|Any CPU.ActiveCfg = Debug|Any CPU
		{712E1240-59FF-4B2F-9E0B-38FE48DD4885}.Debug|Any CPU.Build.0 = Debug|Any CPU
		{712E1240-59FF-4B2F-9E0B-38FE48DD4885}.Release|Any CPU.ActiveCfg = Release|Any CPU
		{712E1240-59FF-4B2F-9E0B-38FE48DD4885}.Release|Any CPU.Build.0 = Release|Any CPU
	EndGlobalSection
EndGlobal
